
Microsoft Visual Studio Solution File, Format Version 12.00
# Visual Studio 15
Project("{FAE04EC0-301F-11D3-BF4B-00C04F79EFBC}") = "Assembly-CSharp", "Assembly-CSharp.csproj", "{09A47417-5AE5-D45B-143B-FF79528F4316}"
EndProject
Global
	GlobalSection(SolutionConfigurationPlatforms) = preSolution
		Debug|Any CPU = Debug|Any CPU
		Release|Any CPU = Release|Any CPU
	EndGlobalSection
	GlobalSection(ProjectConfigurationPlatforms) = postSolution
		{09A47417-5AE5-D45B-143B-FF79528F4316}.Debug|Any CPU.ActiveCfg = Debug|Any CPU
		{09A47417-5AE5-D45B-143B-FF79528F4316}.Debug|Any CPU.Build.0 = Debug|Any CPU
		{09A47417-5AE5-D45B-143B-FF79528F4316}.Release|Any CPU.ActiveCfg = Release|Any CPU
		{09A47417-5AE5-D45B-143B-FF79528F4316}.Release|Any CPU.Build.0 = Release|Any CPU
	EndGlobalSection
	GlobalSection(SolutionProperties) = preSolution
		HideSolutionNode = FALSE
	EndGlobalSection
EndGlobal
